
Microsoft Visual Studio Solution File, Format Version 12.00
# Visual Studio Version 16
VisualStudioVersion = 16.0.29806.167
MinimumVisualStudioVersion = 10.0.40219.1
Project("{9A19103F-16F7-4668-BE54-9A1E7A4F7556}") = "CarPool.Trip.Web", "CarPool.Trip.Web\CarPool.Trip.Web.csproj", "{BFDBCAD9-6D9E-423B-BD56-F426F4A5E96A}"
EndProject
Project("{9A19103F-16F7-4668-BE54-9A1E7A4F7556}") = "CarPool.Trip.Domain", "CarPool.Trip.Domain\CarPool.Trip.Domain.csproj", "{44D5156E-2999-41A8-B132-C2460323EA28}"
EndProject
Project("{FAE04EC0-301F-11D3-BF4B-00C04F79EFBC}") = "CarPool.Trip.Persistence", "CarPool.Trip.Persistence\CarPool.Trip.Persistence.csproj", "{BED1D80E-13A4-4BC6-897E-7C557CF5FB97}"
EndProject
Global
	GlobalSection(SolutionConfigurationPlatforms) = preSolution
		Debug|Any CPU = Debug|Any CPU
		Release|Any CPU = Release|Any CPU
	EndGlobalSection
	GlobalSection(ProjectConfigurationPlatforms) = postSolution
		{BFDBCAD9-6D9E-423B-BD56-F426F4A5E96A}.Debug|Any CPU.ActiveCfg = Debug|Any CPU
		{BFDBCAD9-6D9E-423B-BD56-F426F4A5E96A}.Debug|Any CPU.Build.0 = Debug|Any CPU
		{BFDBCAD9-6D9E-423B-BD56-F426F4A5E96A}.Release|Any CPU.ActiveCfg = Release|Any CPU
		{BFDBCAD9-6D9E-423B-BD56-F426F4A5E96A}.Release|Any CPU.Build.0 = Release|Any CPU
		{44D5156E-2999-41A8-B132-C2460323EA28}.Debug|Any CPU.ActiveCfg = Debug|Any CPU
		{44D5156E-2999-41A8-B132-C2460323EA28}.Debug|Any CPU.Build.0 = Debug|Any CPU
		{44D5156E-2999-41A8-B132-C2460323EA28}.Release|Any CPU.ActiveCfg = Release|Any CPU
		{44D5156E-2999-41A8-B132-C2460323EA28}.Release|Any CPU.Build.0 = Release|Any CPU
		{BED1D80E-13A4-4BC6-897E-7C557CF5FB97}.Debug|Any CPU.ActiveCfg = Debug|Any CPU
		{BED1D80E-13A4-4BC6-897E-7C557CF5FB97}.Debug|Any CPU.Build.0 = Debug|Any CPU
		{BED1D80E-13A4-4BC6-897E-7C557CF5FB97}.Release|Any CPU.ActiveCfg = Release|Any CPU
		{BED1D80E-13A4-4BC6-897E-7C557CF5FB97}.Release|Any CPU.Build.0 = Release|Any CPU
	EndGlobalSection
	GlobalSection(SolutionProperties) = preSolution
		HideSolutionNode = FALSE
	EndGlobalSection
	GlobalSection(ExtensibilityGlobals) = postSolution
		SolutionGuid = {33AB9924-8036-4828-ABA1-61964C6846C0}
	EndGlobalSection
EndGlobal
